
Microsoft Visual Studio Solution File, Format Version 12.00
Project("{FAE04EC0-301F-11D3-BF4B-00C04F79EFBC}") = "Prototype", "Prototype\Prototype.csproj", "{8046792E-5C15-40C5-B720-0E7D34511116}"
EndProject
Project("{FAE04EC0-301F-11D3-BF4B-00C04F79EFBC}") = "FactoryMethod", "FactoryMethod\FactoryMethod.csproj", "{DF412006-3F37-4835-A646-A167959CBC79}"
EndProject
Project("{FAE04EC0-301F-11D3-BF4B-00C04F79EFBC}") = "AbstractFactory", "AbstractFactory\AbstractFactory.csproj", "{9AC866D2-304B-4F8C-869A-55227693A9A1}"
EndProject
Project("{FAE04EC0-301F-11D3-BF4B-00C04F79EFBC}") = "Singleton", "Singleton\Singleton.csproj", "{C0218AD5-5687-4ACD-B05A-8BFB5B75F2C5}"
EndProject
Project("{FAE04EC0-301F-11D3-BF4B-00C04F79EFBC}") = "Builder", "Builder\Builder.csproj", "{BBE77A03-D33B-4AB2-8946-A36A52BBEF3B}"
EndProject
Project("{FAE04EC0-301F-11D3-BF4B-00C04F79EFBC}") = "Decorator", "Decorator\Decorator.csproj", "{BCAE0EAF-2339-42EA-94F0-F3DE7389D1DF}"
EndProject
Project("{FAE04EC0-301F-11D3-BF4B-00C04F79EFBC}") = "Composite", "Composite\Composite.csproj", "{33A858A3-4824-4A14-ABC6-CE79488FA3A6}"
EndProject
Project("{FAE04EC0-301F-11D3-BF4B-00C04F79EFBC}") = "Bridge", "Bridge\Bridge.csproj", "{503DEA00-F684-4640-AE91-B025002D06F3}"
EndProject
Project("{FAE04EC0-301F-11D3-BF4B-00C04F79EFBC}") = "Facade", "Facade\Facade.csproj", "{C30A581A-32AA-4F64-A46B-17F4B3A5CCEC}"
EndProject
Project("{FAE04EC0-301F-11D3-BF4B-00C04F79EFBC}") = "Visitor", "Visitor\Visitor.csproj", "{55C363DA-874B-44F7-8F93-94974A8D156F}"
EndProject
Project("{FAE04EC0-301F-11D3-BF4B-00C04F79EFBC}") = "State", "State\State.csproj", "{7C3B643B-B840-40E6-96D5-4ADB0A3AE4D9}"
EndProject
Project("{FAE04EC0-301F-11D3-BF4B-00C04F79EFBC}") = "Command", "Command\Command.csproj", "{58F11166-37A7-48E6-B162-EA00F6485CB9}"
EndProject
Project("{FAE04EC0-301F-11D3-BF4B-00C04F79EFBC}") = "Strategy", "Strategy\Strategy.csproj", "{5DA0D369-0D8B-4446-A35C-92EA2655451A}"
EndProject
Project("{FAE04EC0-301F-11D3-BF4B-00C04F79EFBC}") = "ChainOfResponsibility", "ChainOfResponsibility\ChainOfResponsibility.csproj", "{B93A7A44-7081-478B-B8F6-488FB8C2DCE8}"
EndProject
Project("{FAE04EC0-301F-11D3-BF4B-00C04F79EFBC}") = "Observer", "Observer\Observer.csproj", "{F29A67B4-B4B2-47AD-9BA9-33F11243FC40}"
EndProject
Project("{FAE04EC0-301F-11D3-BF4B-00C04F79EFBC}") = "TemplateMethod", "TemplateMethod\TemplateMethod.csproj", "{9E2E0B0C-D9CD-48C4-A669-BFBD13466216}"
EndProject
Project("{FAE04EC0-301F-11D3-BF4B-00C04F79EFBC}") = "Mediator", "Mediator\Mediator.csproj", "{DEB17F2F-E5AC-453C-BAE2-A2F03635DCC6}"
EndProject
Project("{FAE04EC0-301F-11D3-BF4B-00C04F79EFBC}") = "Interpreter", "Interpreter\Interpreter.csproj", "{870D832D-6443-4922-820E-63917EFD32C7}"
EndProject
Project("{FAE04EC0-301F-11D3-BF4B-00C04F79EFBC}") = "Memento", "Memento\Memento.csproj", "{EE9B10AF-29AC-493C-980D-6B1EB7E77ECF}"
EndProject
Project("{FAE04EC0-301F-11D3-BF4B-00C04F79EFBC}") = "Iterator", "Iterator\Iterator.csproj", "{62C4A3DC-0BD7-470E-8D2A-EE3F987A341B}"
EndProject
Global
	GlobalSection(SolutionConfigurationPlatforms) = preSolution
		Debug|Any CPU = Debug|Any CPU
		Release|Any CPU = Release|Any CPU
	EndGlobalSection
	GlobalSection(ProjectConfigurationPlatforms) = postSolution
		{8046792E-5C15-40C5-B720-0E7D34511116}.Debug|Any CPU.ActiveCfg = Debug|Any CPU
		{8046792E-5C15-40C5-B720-0E7D34511116}.Debug|Any CPU.Build.0 = Debug|Any CPU
		{8046792E-5C15-40C5-B720-0E7D34511116}.Release|Any CPU.ActiveCfg = Release|Any CPU
		{8046792E-5C15-40C5-B720-0E7D34511116}.Release|Any CPU.Build.0 = Release|Any CPU
		{DF412006-3F37-4835-A646-A167959CBC79}.Debug|Any CPU.ActiveCfg = Debug|Any CPU
		{DF412006-3F37-4835-A646-A167959CBC79}.Debug|Any CPU.Build.0 = Debug|Any CPU
		{DF412006-3F37-4835-A646-A167959CBC79}.Release|Any CPU.ActiveCfg = Release|Any CPU
		{DF412006-3F37-4835-A646-A167959CBC79}.Release|Any CPU.Build.0 = Release|Any CPU
		{9AC866D2-304B-4F8C-869A-55227693A9A1}.Debug|Any CPU.ActiveCfg = Debug|Any CPU
		{9AC866D2-304B-4F8C-869A-55227693A9A1}.Debug|Any CPU.Build.0 = Debug|Any CPU
		{9AC866D2-304B-4F8C-869A-55227693A9A1}.Release|Any CPU.ActiveCfg = Release|Any CPU
		{9AC866D2-304B-4F8C-869A-55227693A9A1}.Release|Any CPU.Build.0 = Release|Any CPU
		{C0218AD5-5687-4ACD-B05A-8BFB5B75F2C5}.Debug|Any CPU.ActiveCfg = Debug|Any CPU
		{C0218AD5-5687-4ACD-B05A-8BFB5B75F2C5}.Debug|Any CPU.Build.0 = Debug|Any CPU
		{C0218AD5-5687-4ACD-B05A-8BFB5B75F2C5}.Release|Any CPU.ActiveCfg = Release|Any CPU
		{C0218AD5-5687-4ACD-B05A-8BFB5B75F2C5}.Release|Any CPU.Build.0 = Release|Any CPU
		{BBE77A03-D33B-4AB2-8946-A36A52BBEF3B}.Debug|Any CPU.ActiveCfg = Debug|Any CPU
		{BBE77A03-D33B-4AB2-8946-A36A52BBEF3B}.Debug|Any CPU.Build.0 = Debug|Any CPU
		{BBE77A03-D33B-4AB2-8946-A36A52BBEF3B}.Release|Any CPU.ActiveCfg = Release|Any CPU
		{BBE77A03-D33B-4AB2-8946-A36A52BBEF3B}.Release|Any CPU.Build.0 = Release|Any CPU
		{BCAE0EAF-2339-42EA-94F0-F3DE7389D1DF}.Debug|Any CPU.ActiveCfg = Debug|Any CPU
		{BCAE0EAF-2339-42EA-94F0-F3DE7389D1DF}.Debug|Any CPU.Build.0 = Debug|Any CPU
		{BCAE0EAF-2339-42EA-94F0-F3DE7389D1DF}.Release|Any CPU.ActiveCfg = Release|Any CPU
		{BCAE0EAF-2339-42EA-94F0-F3DE7389D1DF}.Release|Any CPU.Build.0 = Release|Any CPU
		{33A858A3-4824-4A14-ABC6-CE79488FA3A6}.Debug|Any CPU.ActiveCfg = Debug|Any CPU
		{33A858A3-4824-4A14-ABC6-CE79488FA3A6}.Debug|Any CPU.Build.0 = Debug|Any CPU
		{33A858A3-4824-4A14-ABC6-CE79488FA3A6}.Release|Any CPU.ActiveCfg = Release|Any CPU
		{33A858A3-4824-4A14-ABC6-CE79488FA3A6}.Release|Any CPU.Build.0 = Release|Any CPU
		{503DEA00-F684-4640-AE91-B025002D06F3}.Debug|Any CPU.ActiveCfg = Debug|Any CPU
		{503DEA00-F684-4640-AE91-B025002D06F3}.Debug|Any CPU.Build.0 = Debug|Any CPU
		{503DEA00-F684-4640-AE91-B025002D06F3}.Release|Any CPU.ActiveCfg = Release|Any CPU
		{503DEA00-F684-4640-AE91-B025002D06F3}.Release|Any CPU.Build.0 = Release|Any CPU
		{C30A581A-32AA-4F64-A46B-17F4B3A5CCEC}.Debug|Any CPU.ActiveCfg = Debug|Any CPU
		{C30A581A-32AA-4F64-A46B-17F4B3A5CCEC}.Debug|Any CPU.Build.0 = Debug|Any CPU
		{C30A581A-32AA-4F64-A46B-17F4B3A5CCEC}.Release|Any CPU.ActiveCfg = Release|Any CPU
		{C30A581A-32AA-4F64-A46B-17F4B3A5CCEC}.Release|Any CPU.Build.0 = Release|Any CPU
		{55C363DA-874B-44F7-8F93-94974A8D156F}.Debug|Any CPU.ActiveCfg = Debug|Any CPU
		{55C363DA-874B-44F7-8F93-94974A8D156F}.Debug|Any CPU.Build.0 = Debug|Any CPU
		{55C363DA-874B-44F7-8F93-94974A8D156F}.Release|Any CPU.ActiveCfg = Release|Any CPU
		{55C363DA-874B-44F7-8F93-94974A8D156F}.Release|Any CPU.Build.0 = Release|Any CPU
		{7C3B643B-B840-40E6-96D5-4ADB0A3AE4D9}.Debug|Any CPU.ActiveCfg = Debug|Any CPU
		{7C3B643B-B840-40E6-96D5-4ADB0A3AE4D9}.Debug|Any CPU.Build.0 = Debug|Any CPU
		{7C3B643B-B840-40E6-96D5-4ADB0A3AE4D9}.Release|Any CPU.ActiveCfg = Release|Any CPU
		{7C3B643B-B840-40E6-96D5-4ADB0A3AE4D9}.Release|Any CPU.Build.0 = Release|Any CPU
		{58F11166-37A7-48E6-B162-EA00F6485CB9}.Debug|Any CPU.ActiveCfg = Debug|Any CPU
		{58F11166-37A7-48E6-B162-EA00F6485CB9}.Debug|Any CPU.Build.0 = Debug|Any CPU
		{58F11166-37A7-48E6-B162-EA00F6485CB9}.Release|Any CPU.ActiveCfg = Release|Any CPU
		{58F11166-37A7-48E6-B162-EA00F6485CB9}.Release|Any CPU.Build.0 = Release|Any CPU
		{5DA0D369-0D8B-4446-A35C-92EA2655451A}.Debug|Any CPU.ActiveCfg = Debug|Any CPU
		{5DA0D369-0D8B-4446-A35C-92EA2655451A}.Debug|Any CPU.Build.0 = Debug|Any CPU
		{5DA0D369-0D8B-4446-A35C-92EA2655451A}.Release|Any CPU.ActiveCfg = Release|Any CPU
		{5DA0D369-0D8B-4446-A35C-92EA2655451A}.Release|Any CPU.Build.0 = Release|Any CPU
		{B93A7A44-7081-478B-B8F6-488FB8C2DCE8}.Debug|Any CPU.ActiveCfg = Debug|Any CPU
		{B93A7A44-7081-478B-B8F6-488FB8C2DCE8}.Debug|Any CPU.Build.0 = Debug|Any CPU
		{B93A7A44-7081-478B-B8F6-488FB8C2DCE8}.Release|Any CPU.ActiveCfg = Release|Any CPU
		{B93A7A44-7081-478B-B8F6-488FB8C2DCE8}.Release|Any CPU.Build.0 = Release|Any CPU
		{F29A67B4-B4B2-47AD-9BA9-33F11243FC40}.Debug|Any CPU.ActiveCfg = Debug|Any CPU
		{F29A67B4-B4B2-47AD-9BA9-33F11243FC40}.Debug|Any CPU.Build.0 = Debug|Any CPU
		{F29A67B4-B4B2-47AD-9BA9-33F11243FC40}.Release|Any CPU.ActiveCfg = Release|Any CPU
		{F29A67B4-B4B2-47AD-9BA9-33F11243FC40}.Release|Any CPU.Build.0 = Release|Any CPU
		{9E2E0B0C-D9CD-48C4-A669-BFBD13466216}.Debug|Any CPU.ActiveCfg = Debug|Any CPU
		{9E2E0B0C-D9CD-48C4-A669-BFBD13466216}.Debug|Any CPU.Build.0 = Debug|Any CPU
		{9E2E0B0C-D9CD-48C4-A669-BFBD13466216}.Release|Any CPU.ActiveCfg = Release|Any CPU
		{9E2E0B0C-D9CD-48C4-A669-BFBD13466216}.Release|Any CPU.Build.0 = Release|Any CPU
		{DEB17F2F-E5AC-453C-BAE2-A2F03635DCC6}.Debug|Any CPU.ActiveCfg = Debug|Any CPU
		{DEB17F2F-E5AC-453C-BAE2-A2F03635DCC6}.Debug|Any CPU.Build.0 = Debug|Any CPU
		{DEB17F2F-E5AC-453C-BAE2-A2F03635DCC6}.Release|Any CPU.ActiveCfg = Release|Any CPU
		{DEB17F2F-E5AC-453C-BAE2-A2F03635DCC6}.Release|Any CPU.Build.0 = Release|Any CPU
		{870D832D-6443-4922-820E-63917EFD32C7}.Debug|Any CPU.ActiveCfg = Debug|Any CPU
		{870D832D-6443-4922-820E-63917EFD32C7}.Debug|Any CPU.Build.0 = Debug|Any CPU
		{870D832D-6443-4922-820E-63917EFD32C7}.Release|Any CPU.ActiveCfg = Release|Any CPU
		{870D832D-6443-4922-820E-63917EFD32C7}.Release|Any CPU.Build.0 = Release|Any CPU
		{EE9B10AF-29AC-493C-980D-6B1EB7E77ECF}.Debug|Any CPU.ActiveCfg = Debug|Any CPU
		{EE9B10AF-29AC-493C-980D-6B1EB7E77ECF}.Debug|Any CPU.Build.0 = Debug|Any CPU
		{EE9B10AF-29AC-493C-980D-6B1EB7E77ECF}.Release|Any CPU.ActiveCfg = Release|Any CPU
		{EE9B10AF-29AC-493C-980D-6B1EB7E77ECF}.Release|Any CPU.Build.0 = Release|Any CPU
		{62C4A3DC-0BD7-470E-8D2A-EE3F987A341B}.Debug|Any CPU.ActiveCfg = Debug|Any CPU
		{62C4A3DC-0BD7-470E-8D2A-EE3F987A341B}.Debug|Any CPU.Build.0 = Debug|Any CPU
		{62C4A3DC-0BD7-470E-8D2A-EE3F987A341B}.Release|Any CPU.ActiveCfg = Release|Any CPU
		{62C4A3DC-0BD7-470E-8D2A-EE3F987A341B}.Release|Any CPU.Build.0 = Release|Any CPU
	EndGlobalSection
EndGlobal
